
Microsoft Visual Studio Solution File, Format Version 12.00
# Visual Studio Version 16
VisualStudioVersion = 16.0.30413.136
MinimumVisualStudioVersion = 10.0.40219.1
Project("{FAE04EC0-301F-11D3-BF4B-00C04F79EFBC}") = "Leksand.Web", "Leksand.Web\Leksand.Web.csproj", "{7219C0DE-2E24-4CB3-ADD6-3174FCCEB188}"
EndProject
Global
	GlobalSection(SolutionConfigurationPlatforms) = preSolution
		Debug|Any CPU = Debug|Any CPU
		Release|Any CPU = Release|Any CPU
	EndGlobalSection
	GlobalSection(ProjectConfigurationPlatforms) = postSolution
		{7219C0DE-2E24-4CB3-ADD6-3174FCCEB188}.Debug|Any CPU.ActiveCfg = Debug|Any CPU
		{7219C0DE-2E24-4CB3-ADD6-3174FCCEB188}.Debug|Any CPU.Build.0 = Debug|Any CPU
		{7219C0DE-2E24-4CB3-ADD6-3174FCCEB188}.Release|Any CPU.ActiveCfg = Release|Any CPU
		{7219C0DE-2E24-4CB3-ADD6-3174FCCEB188}.Release|Any CPU.Build.0 = Release|Any CPU
	EndGlobalSection
	GlobalSection(SolutionProperties) = preSolution
		HideSolutionNode = FALSE
	EndGlobalSection
	GlobalSection(ExtensibilityGlobals) = postSolution
		SolutionGuid = {3831787A-9801-46E8-AA56-0B8D32D23831}
	EndGlobalSection
EndGlobal
